
Microsoft Visual Studio Solution File, Format Version 12.00
# Visual Studio Version 17
VisualStudioVersion = 17.0.31611.283
MinimumVisualStudioVersion = 10.0.40219.1
Project("{2150E333-8FDC-42A3-9474-1A3956D46DE8}") = "Solution Items", "Solution Items", "{F3D504EA-24BC-4116-A495-DE284456A321}"
	ProjectSection(SolutionItems) = preProject
		.editorconfig = .editorconfig
	EndProjectSection
EndProject
Project("{2150E333-8FDC-42A3-9474-1A3956D46DE8}") = "Tests", "Tests", "{AEE4296C-5358-4EAC-85DA-31584A6EA93F}"
EndProject
Project("{9A19103F-16F7-4668-BE54-9A1E7A4F7556}") = "MauiForKimai.ApiClient", "MauiForKimai.ApiClient\MauiForKimai.ApiClient.csproj", "{EC04CA39-7BEF-41AE-AA50-DE50DD6034C1}"
EndProject
Project("{2150E333-8FDC-42A3-9474-1A3956D46DE8}") = "Application", "Application", "{917505C7-9468-4BA2-B169-D84BA68ED443}"
EndProject
Project("{2150E333-8FDC-42A3-9474-1A3956D46DE8}") = "Presentation", "Presentation", "{EAD42E6C-2058-4D11-9A2F-6CA67C5B7571}"
EndProject
Project("{9A19103F-16F7-4668-BE54-9A1E7A4F7556}") = "MauiForKimai.Tests", "MauiForKimai.Tests\MauiForKimai.Tests.csproj", "{985C6C49-EEB7-41BE-A9EB-A6A621A48149}"
EndProject
Project("{9A19103F-16F7-4668-BE54-9A1E7A4F7556}") = "MauiForKimai.Core", "MauiForKimai.Core\MauiForKimai.Core.csproj", "{BBD83EA1-E40F-4902-9DF1-66450C3E8EB8}"
EndProject
Project("{9A19103F-16F7-4668-BE54-9A1E7A4F7556}") = "MauiForKimai.App", "MauiForKimai.Application\MauiForKimai.App.csproj", "{F8922AD9-1B21-4AEF-9E8C-A98D30E582FC}"
EndProject
Global
	GlobalSection(SolutionConfigurationPlatforms) = preSolution
		Debug|Any CPU = Debug|Any CPU
		Release|Any CPU = Release|Any CPU
	EndGlobalSection
	GlobalSection(ProjectConfigurationPlatforms) = postSolution
		{EC04CA39-7BEF-41AE-AA50-DE50DD6034C1}.Debug|Any CPU.ActiveCfg = Debug|Any CPU
		{EC04CA39-7BEF-41AE-AA50-DE50DD6034C1}.Debug|Any CPU.Build.0 = Debug|Any CPU
		{EC04CA39-7BEF-41AE-AA50-DE50DD6034C1}.Release|Any CPU.ActiveCfg = Release|Any CPU
		{EC04CA39-7BEF-41AE-AA50-DE50DD6034C1}.Release|Any CPU.Build.0 = Release|Any CPU
		{985C6C49-EEB7-41BE-A9EB-A6A621A48149}.Debug|Any CPU.ActiveCfg = Debug|Any CPU
		{985C6C49-EEB7-41BE-A9EB-A6A621A48149}.Debug|Any CPU.Build.0 = Debug|Any CPU
		{985C6C49-EEB7-41BE-A9EB-A6A621A48149}.Release|Any CPU.ActiveCfg = Release|Any CPU
		{985C6C49-EEB7-41BE-A9EB-A6A621A48149}.Release|Any CPU.Build.0 = Release|Any CPU
		{BBD83EA1-E40F-4902-9DF1-66450C3E8EB8}.Debug|Any CPU.ActiveCfg = Debug|Any CPU
		{BBD83EA1-E40F-4902-9DF1-66450C3E8EB8}.Debug|Any CPU.Build.0 = Debug|Any CPU
		{BBD83EA1-E40F-4902-9DF1-66450C3E8EB8}.Release|Any CPU.ActiveCfg = Release|Any CPU
		{BBD83EA1-E40F-4902-9DF1-66450C3E8EB8}.Release|Any CPU.Build.0 = Release|Any CPU
		{F8922AD9-1B21-4AEF-9E8C-A98D30E582FC}.Debug|Any CPU.ActiveCfg = Debug|Any CPU
		{F8922AD9-1B21-4AEF-9E8C-A98D30E582FC}.Debug|Any CPU.Build.0 = Debug|Any CPU
		{F8922AD9-1B21-4AEF-9E8C-A98D30E582FC}.Debug|Any CPU.Deploy.0 = Debug|Any CPU
		{F8922AD9-1B21-4AEF-9E8C-A98D30E582FC}.Release|Any CPU.ActiveCfg = Release|Any CPU
		{F8922AD9-1B21-4AEF-9E8C-A98D30E582FC}.Release|Any CPU.Build.0 = Release|Any CPU
		{F8922AD9-1B21-4AEF-9E8C-A98D30E582FC}.Release|Any CPU.Deploy.0 = Release|Any CPU
	EndGlobalSection
	GlobalSection(SolutionProperties) = preSolution
		HideSolutionNode = FALSE
	EndGlobalSection
	GlobalSection(NestedProjects) = preSolution
		{EC04CA39-7BEF-41AE-AA50-DE50DD6034C1} = {EAD42E6C-2058-4D11-9A2F-6CA67C5B7571}
		{985C6C49-EEB7-41BE-A9EB-A6A621A48149} = {AEE4296C-5358-4EAC-85DA-31584A6EA93F}
		{BBD83EA1-E40F-4902-9DF1-66450C3E8EB8} = {917505C7-9468-4BA2-B169-D84BA68ED443}
		{F8922AD9-1B21-4AEF-9E8C-A98D30E582FC} = {EAD42E6C-2058-4D11-9A2F-6CA67C5B7571}
	EndGlobalSection
	GlobalSection(ExtensibilityGlobals) = postSolution
		SolutionGuid = {61F7FB11-1E47-470C-91E2-47F8143E1572}
	EndGlobalSection
EndGlobal
