
Microsoft Visual Studio Solution File, Format Version 12.00
# Visual Studio Version 17
VisualStudioVersion = 17.0.31611.283
MinimumVisualStudioVersion = 10.0.40219.1
Project("{9A19103F-16F7-4668-BE54-9A1E7A4F7556}") = "MauiForKimai", "MauiForKimai\MauiForKimai.csproj", "{39E0829B-A796-4FA6-97AF-4AD7F0B81103}"
EndProject
Project("{9A19103F-16F7-4668-BE54-9A1E7A4F7556}") = "MauiForKimai.BL", "MauiForKimai.BL\MauiForKimai.BL.csproj", "{89296527-6191-4C42-9BDF-76C29AC3B010}"
EndProject
Project("{2150E333-8FDC-42A3-9474-1A3956D46DE8}") = "Solution Items", "Solution Items", "{F3D504EA-24BC-4116-A495-DE284456A321}"
	ProjectSection(SolutionItems) = preProject
		.editorconfig = .editorconfig
	EndProjectSection
EndProject
Global
	GlobalSection(SolutionConfigurationPlatforms) = preSolution
		Debug|Any CPU = Debug|Any CPU
		Release|Any CPU = Release|Any CPU
	EndGlobalSection
	GlobalSection(ProjectConfigurationPlatforms) = postSolution
		{39E0829B-A796-4FA6-97AF-4AD7F0B81103}.Debug|Any CPU.ActiveCfg = Debug|Any CPU
		{39E0829B-A796-4FA6-97AF-4AD7F0B81103}.Debug|Any CPU.Build.0 = Debug|Any CPU
		{39E0829B-A796-4FA6-97AF-4AD7F0B81103}.Debug|Any CPU.Deploy.0 = Debug|Any CPU
		{39E0829B-A796-4FA6-97AF-4AD7F0B81103}.Release|Any CPU.ActiveCfg = Release|Any CPU
		{39E0829B-A796-4FA6-97AF-4AD7F0B81103}.Release|Any CPU.Build.0 = Release|Any CPU
		{39E0829B-A796-4FA6-97AF-4AD7F0B81103}.Release|Any CPU.Deploy.0 = Release|Any CPU
		{89296527-6191-4C42-9BDF-76C29AC3B010}.Debug|Any CPU.ActiveCfg = Debug|Any CPU
		{89296527-6191-4C42-9BDF-76C29AC3B010}.Debug|Any CPU.Build.0 = Debug|Any CPU
		{89296527-6191-4C42-9BDF-76C29AC3B010}.Release|Any CPU.ActiveCfg = Release|Any CPU
		{89296527-6191-4C42-9BDF-76C29AC3B010}.Release|Any CPU.Build.0 = Release|Any CPU
	EndGlobalSection
	GlobalSection(SolutionProperties) = preSolution
		HideSolutionNode = FALSE
	EndGlobalSection
	GlobalSection(ExtensibilityGlobals) = postSolution
		SolutionGuid = {61F7FB11-1E47-470C-91E2-47F8143E1572}
	EndGlobalSection
EndGlobal
